// !$*UTF8*$!
{
	archiveVersion = 1;
	classes = {
	};
	objectVersion = 50;
	objects = {

/* Begin PBXBuildFile section */
		183C5B2B26F1E52500B25005 /* NationalParkLocation.swift in Sources */ = {isa = PBXBuildFile; fileRef = 183C5B2A26F1E52500B25005 /* NationalParkLocation.swift */; };
		183C5B2D26F1E77600B25005 /* MapAnnotationView.swift in Sources */ = {isa = PBXBuildFile; fileRef = 183C5B2C26F1E77600B25005 /* MapAnnotationView.swift */; };
		18D1F1E926F0BF5100B26185 /* AfricaApp.swift in Sources */ = {isa = PBXBuildFile; fileRef = 18D1F1E826F0BF5100B26185 /* AfricaApp.swift */; };
		18D1F1EB26F0BF5100B26185 /* ContentView.swift in Sources */ = {isa = PBXBuildFile; fileRef = 18D1F1EA26F0BF5100B26185 /* ContentView.swift */; };
		18D1F1ED26F0BF5400B26185 /* Assets.xcassets in Resources */ = {isa = PBXBuildFile; fileRef = 18D1F1EC26F0BF5400B26185 /* Assets.xcassets */; };
		18D1F1F026F0BF5400B26185 /* Preview Assets.xcassets in Resources */ = {isa = PBXBuildFile; fileRef = 18D1F1EF26F0BF5400B26185 /* Preview Assets.xcassets */; };
		18D1F20326F0E4D200B26185 /* giraffe.mp4 in Resources */ = {isa = PBXBuildFile; fileRef = 18D1F1F926F0E4D200B26185 /* giraffe.mp4 */; };
		18D1F20426F0E4D200B26185 /* ostrich.mp4 in Resources */ = {isa = PBXBuildFile; fileRef = 18D1F1FA26F0E4D200B26185 /* ostrich.mp4 */; };
		18D1F20526F0E4D200B26185 /* zebra.mp4 in Resources */ = {isa = PBXBuildFile; fileRef = 18D1F1FB26F0E4D200B26185 /* zebra.mp4 */; };
		18D1F20626F0E4D200B26185 /* hippo.mp4 in Resources */ = {isa = PBXBuildFile; fileRef = 18D1F1FC26F0E4D200B26185 /* hippo.mp4 */; };
		18D1F20726F0E4D200B26185 /* cheetah.mp4 in Resources */ = {isa = PBXBuildFile; fileRef = 18D1F1FD26F0E4D200B26185 /* cheetah.mp4 */; };
		18D1F20826F0E4D200B26185 /* gorilla.mp4 in Resources */ = {isa = PBXBuildFile; fileRef = 18D1F1FE26F0E4D200B26185 /* gorilla.mp4 */; };
		18D1F20926F0E4D200B26185 /* elephant.mp4 in Resources */ = {isa = PBXBuildFile; fileRef = 18D1F1FF26F0E4D200B26185 /* elephant.mp4 */; };
		18D1F20A26F0E4D200B26185 /* lioness.mp4 in Resources */ = {isa = PBXBuildFile; fileRef = 18D1F20026F0E4D200B26185 /* lioness.mp4 */; };
		18D1F20B26F0E4D200B26185 /* lion.mp4 in Resources */ = {isa = PBXBuildFile; fileRef = 18D1F20126F0E4D200B26185 /* lion.mp4 */; };
		18D1F20C26F0E4D200B26185 /* rhino.mp4 in Resources */ = {isa = PBXBuildFile; fileRef = 18D1F20226F0E4D200B26185 /* rhino.mp4 */; };
		18D1F21426F0E67D00B26185 /* animals.json in Resources */ = {isa = PBXBuildFile; fileRef = 18D1F21026F0E67D00B26185 /* animals.json */; };
		18D1F21526F0E67D00B26185 /* locations.json in Resources */ = {isa = PBXBuildFile; fileRef = 18D1F21126F0E67D00B26185 /* locations.json */; };
		18D1F21626F0E67D00B26185 /* covers.json in Resources */ = {isa = PBXBuildFile; fileRef = 18D1F21226F0E67D00B26185 /* covers.json */; };
		18D1F21726F0E67D00B26185 /* videos.json in Resources */ = {isa = PBXBuildFile; fileRef = 18D1F21326F0E67D00B26185 /* videos.json */; };
		18D1F21A26F0E6A000B26185 /* Bundle.swift in Sources */ = {isa = PBXBuildFile; fileRef = 18D1F21926F0E6A000B26185 /* Bundle.swift */; };
		18D1F21C26F0E85500B26185 /* CoverImageView.swift in Sources */ = {isa = PBXBuildFile; fileRef = 18D1F21B26F0E85500B26185 /* CoverImageView.swift */; };
		18D1F21F26F0E94D00B26185 /* CoverImage.swift in Sources */ = {isa = PBXBuildFile; fileRef = 18D1F21E26F0E94D00B26185 /* CoverImage.swift */; };
		18D1F22126F0F17200B26185 /* Animal.swift in Sources */ = {isa = PBXBuildFile; fileRef = 18D1F22026F0F17200B26185 /* Animal.swift */; };
		18D1F22326F0F24000B26185 /* AnimalListItemView.swift in Sources */ = {isa = PBXBuildFile; fileRef = 18D1F22226F0F24000B26185 /* AnimalListItemView.swift */; };
		18D1F22526F0F5EA00B26185 /* AnimalDetailView.swift in Sources */ = {isa = PBXBuildFile; fileRef = 18D1F22426F0F5EA00B26185 /* AnimalDetailView.swift */; };
		18D1F22826F0F81E00B26185 /* HeadingView.swift in Sources */ = {isa = PBXBuildFile; fileRef = 18D1F22726F0F81E00B26185 /* HeadingView.swift */; };
		18D1F22A26F0F91600B26185 /* InsetGalleryView.swift in Sources */ = {isa = PBXBuildFile; fileRef = 18D1F22926F0F91600B26185 /* InsetGalleryView.swift */; };
		18D1F22C26F0FDD700B26185 /* InsetFactView.swift in Sources */ = {isa = PBXBuildFile; fileRef = 18D1F22B26F0FDD700B26185 /* InsetFactView.swift */; };
		18D1F22E26F0FFDC00B26185 /* InsetMapView.swift in Sources */ = {isa = PBXBuildFile; fileRef = 18D1F22D26F0FFDB00B26185 /* InsetMapView.swift */; };
		18D1F23026F1017800B26185 /* MapView.swift in Sources */ = {isa = PBXBuildFile; fileRef = 18D1F22F26F1017800B26185 /* MapView.swift */; };
		18D1F23226F102DE00B26185 /* ExternalWeblinkView.swift in Sources */ = {isa = PBXBuildFile; fileRef = 18D1F23126F102DE00B26185 /* ExternalWeblinkView.swift */; };
		18D1F23426F104FF00B26185 /* VideoListView.swift in Sources */ = {isa = PBXBuildFile; fileRef = 18D1F23326F104FF00B26185 /* VideoListView.swift */; };
		18D1F23626F1050E00B26185 /* GalleryView.swift in Sources */ = {isa = PBXBuildFile; fileRef = 18D1F23526F1050E00B26185 /* GalleryView.swift */; };
		18D1F23826F1053900B26185 /* MainView.swift in Sources */ = {isa = PBXBuildFile; fileRef = 18D1F23726F1053900B26185 /* MainView.swift */; };
		18D1F23A26F10A3300B26185 /* VideoListItemView.swift in Sources */ = {isa = PBXBuildFile; fileRef = 18D1F23926F10A3300B26185 /* VideoListItemView.swift */; };
		18D1F23C26F10A7800B26185 /* Video.swift in Sources */ = {isa = PBXBuildFile; fileRef = 18D1F23B26F10A7800B26185 /* Video.swift */; };
		18D1F23E26F1129000B26185 /* VideoPlayerView.swift in Sources */ = {isa = PBXBuildFile; fileRef = 18D1F23D26F1129000B26185 /* VideoPlayerView.swift */; };
/* End PBXBuildFile section */

/* Begin PBXFileReference section */
		183C5B2A26F1E52500B25005 /* NationalParkLocation.swift */ = {isa = PBXFileReference; lastKnownFileType = sourcecode.swift; path = NationalParkLocation.swift; sourceTree = "<group>"; };
		183C5B2C26F1E77600B25005 /* MapAnnotationView.swift */ = {isa = PBXFileReference; lastKnownFileType = sourcecode.swift; path = MapAnnotationView.swift; sourceTree = "<group>"; };
		18D1F1E526F0BF5100B26185 /* Africa.app */ = {isa = PBXFileReference; explicitFileType = wrapper.application; includeInIndex = 0; path = Africa.app; sourceTree = BUILT_PRODUCTS_DIR; };
		18D1F1E826F0BF5100B26185 /* AfricaApp.swift */ = {isa = PBXFileReference; lastKnownFileType = sourcecode.swift; path = AfricaApp.swift; sourceTree = "<group>"; };
		18D1F1EA26F0BF5100B26185 /* ContentView.swift */ = {isa = PBXFileReference; lastKnownFileType = sourcecode.swift; path = ContentView.swift; sourceTree = "<group>"; };
		18D1F1EC26F0BF5400B26185 /* Assets.xcassets */ = {isa = PBXFileReference; lastKnownFileType = folder.assetcatalog; path = Assets.xcassets; sourceTree = "<group>"; };
		18D1F1EF26F0BF5400B26185 /* Preview Assets.xcassets */ = {isa = PBXFileReference; lastKnownFileType = folder.assetcatalog; path = "Preview Assets.xcassets"; sourceTree = "<group>"; };
		18D1F1F126F0BF5400B26185 /* Info.plist */ = {isa = PBXFileReference; lastKnownFileType = text.plist.xml; path = Info.plist; sourceTree = "<group>"; };
		18D1F1F926F0E4D200B26185 /* giraffe.mp4 */ = {isa = PBXFileReference; lastKnownFileType = file; path = giraffe.mp4; sourceTree = "<group>"; };
		18D1F1FA26F0E4D200B26185 /* ostrich.mp4 */ = {isa = PBXFileReference; lastKnownFileType = file; path = ostrich.mp4; sourceTree = "<group>"; };
		18D1F1FB26F0E4D200B26185 /* zebra.mp4 */ = {isa = PBXFileReference; lastKnownFileType = file; path = zebra.mp4; sourceTree = "<group>"; };
		18D1F1FC26F0E4D200B26185 /* hippo.mp4 */ = {isa = PBXFileReference; lastKnownFileType = file; path = hippo.mp4; sourceTree = "<group>"; };
		18D1F1FD26F0E4D200B26185 /* cheetah.mp4 */ = {isa = PBXFileReference; lastKnownFileType = file; path = cheetah.mp4; sourceTree = "<group>"; };
		18D1F1FE26F0E4D200B26185 /* gorilla.mp4 */ = {isa = PBXFileReference; lastKnownFileType = file; path = gorilla.mp4; sourceTree = "<group>"; };
		18D1F1FF26F0E4D200B26185 /* elephant.mp4 */ = {isa = PBXFileReference; lastKnownFileType = file; path = elephant.mp4; sourceTree = "<group>"; };
		18D1F20026F0E4D200B26185 /* lioness.mp4 */ = {isa = PBXFileReference; lastKnownFileType = file; path = lioness.mp4; sourceTree = "<group>"; };
		18D1F20126F0E4D200B26185 /* lion.mp4 */ = {isa = PBXFileReference; lastKnownFileType = file; path = lion.mp4; sourceTree = "<group>"; };
		18D1F20226F0E4D200B26185 /* rhino.mp4 */ = {isa = PBXFileReference; lastKnownFileType = file; path = rhino.mp4; sourceTree = "<group>"; };
		18D1F21026F0E67D00B26185 /* animals.json */ = {isa = PBXFileReference; fileEncoding = 4; lastKnownFileType = text.json; path = animals.json; sourceTree = "<group>"; };
		18D1F21126F0E67D00B26185 /* locations.json */ = {isa = PBXFileReference; fileEncoding = 4; lastKnownFileType = text.json; path = locations.json; sourceTree = "<group>"; };
		18D1F21226F0E67D00B26185 /* covers.json */ = {isa = PBXFileReference; fileEncoding = 4; lastKnownFileType = text.json; path = covers.json; sourceTree = "<group>"; };
		18D1F21326F0E67D00B26185 /* videos.json */ = {isa = PBXFileReference; fileEncoding = 4; lastKnownFileType = text.json; path = videos.json; sourceTree = "<group>"; };
		18D1F21926F0E6A000B26185 /* Bundle.swift */ = {isa = PBXFileReference; lastKnownFileType = sourcecode.swift; path = Bundle.swift; sourceTree = "<group>"; };
		18D1F21B26F0E85500B26185 /* CoverImageView.swift */ = {isa = PBXFileReference; lastKnownFileType = sourcecode.swift; path = CoverImageView.swift; sourceTree = "<group>"; };
		18D1F21E26F0E94D00B26185 /* CoverImage.swift */ = {isa = PBXFileReference; lastKnownFileType = sourcecode.swift; path = CoverImage.swift; sourceTree = "<group>"; };
		18D1F22026F0F17200B26185 /* Animal.swift */ = {isa = PBXFileReference; lastKnownFileType = sourcecode.swift; path = Animal.swift; sourceTree = "<group>"; };
		18D1F22226F0F24000B26185 /* AnimalListItemView.swift */ = {isa = PBXFileReference; lastKnownFileType = sourcecode.swift; path = AnimalListItemView.swift; sourceTree = "<group>"; };
		18D1F22426F0F5EA00B26185 /* AnimalDetailView.swift */ = {isa = PBXFileReference; lastKnownFileType = sourcecode.swift; path = AnimalDetailView.swift; sourceTree = "<group>"; };
		18D1F22726F0F81E00B26185 /* HeadingView.swift */ = {isa = PBXFileReference; lastKnownFileType = sourcecode.swift; path = HeadingView.swift; sourceTree = "<group>"; };
		18D1F22926F0F91600B26185 /* InsetGalleryView.swift */ = {isa = PBXFileReference; lastKnownFileType = sourcecode.swift; path = InsetGalleryView.swift; sourceTree = "<group>"; };
		18D1F22B26F0FDD700B26185 /* InsetFactView.swift */ = {isa = PBXFileReference; lastKnownFileType = sourcecode.swift; path = InsetFactView.swift; sourceTree = "<group>"; };
		18D1F22D26F0FFDB00B26185 /* InsetMapView.swift */ = {isa = PBXFileReference; lastKnownFileType = sourcecode.swift; path = InsetMapView.swift; sourceTree = "<group>"; };
		18D1F22F26F1017800B26185 /* MapView.swift */ = {isa = PBXFileReference; lastKnownFileType = sourcecode.swift; path = MapView.swift; sourceTree = "<group>"; };
		18D1F23126F102DE00B26185 /* ExternalWeblinkView.swift */ = {isa = PBXFileReference; lastKnownFileType = sourcecode.swift; path = ExternalWeblinkView.swift; sourceTree = "<group>"; };
		18D1F23326F104FF00B26185 /* VideoListView.swift */ = {isa = PBXFileReference; lastKnownFileType = sourcecode.swift; path = VideoListView.swift; sourceTree = "<group>"; };
		18D1F23526F1050E00B26185 /* GalleryView.swift */ = {isa = PBXFileReference; lastKnownFileType = sourcecode.swift; path = GalleryView.swift; sourceTree = "<group>"; };
		18D1F23726F1053900B26185 /* MainView.swift */ = {isa = PBXFileReference; lastKnownFileType = sourcecode.swift; path = MainView.swift; sourceTree = "<group>"; };
		18D1F23926F10A3300B26185 /* VideoListItemView.swift */ = {isa = PBXFileReference; lastKnownFileType = sourcecode.swift; path = VideoListItemView.swift; sourceTree = "<group>"; };
		18D1F23B26F10A7800B26185 /* Video.swift */ = {isa = PBXFileReference; lastKnownFileType = sourcecode.swift; path = Video.swift; sourceTree = "<group>"; };
		18D1F23D26F1129000B26185 /* VideoPlayerView.swift */ = {isa = PBXFileReference; lastKnownFileType = sourcecode.swift; path = VideoPlayerView.swift; sourceTree = "<group>"; };
/* End PBXFileReference section */

/* Begin PBXFrameworksBuildPhase section */
		18D1F1E226F0BF5100B26185 /* Frameworks */ = {
			isa = PBXFrameworksBuildPhase;
			buildActionMask = 2147483647;
			files = (
			);
			runOnlyForDeploymentPostprocessing = 0;
		};
/* End PBXFrameworksBuildPhase section */

/* Begin PBXGroup section */
		18D1F1DC26F0BF5100B26185 = {
			isa = PBXGroup;
			children = (
				18D1F1E726F0BF5100B26185 /* Africa */,
				18D1F1E626F0BF5100B26185 /* Products */,
			);
			sourceTree = "<group>";
		};
		18D1F1E626F0BF5100B26185 /* Products */ = {
			isa = PBXGroup;
			children = (
				18D1F1E526F0BF5100B26185 /* Africa.app */,
			);
			name = Products;
			sourceTree = "<group>";
		};
		18D1F1E726F0BF5100B26185 /* Africa */ = {
			isa = PBXGroup;
			children = (
				18D1F21D26F0E94000B26185 /* Model */,
				18D1F21826F0E69000B26185 /* Extensions */,
				18D1F20F26F0E66600B26185 /* Data */,
				18D1F20E26F0E52700B26185 /* View */,
				18D1F20D26F0E52100B26185 /* App */,
				18D1F1F726F0E4BA00B26185 /* Resources */,
				18D1F1EE26F0BF5400B26185 /* Preview Content */,
			);
			path = Africa;
			sourceTree = "<group>";
		};
		18D1F1EE26F0BF5400B26185 /* Preview Content */ = {
			isa = PBXGroup;
			children = (
				18D1F1EF26F0BF5400B26185 /* Preview Assets.xcassets */,
			);
			path = "Preview Content";
			sourceTree = "<group>";
		};
		18D1F1F726F0E4BA00B26185 /* Resources */ = {
			isa = PBXGroup;
			children = (
				18D1F1F826F0E4D200B26185 /* video */,
				18D1F1F126F0BF5400B26185 /* Info.plist */,
				18D1F1EC26F0BF5400B26185 /* Assets.xcassets */,
			);
			path = Resources;
			sourceTree = "<group>";
		};
		18D1F1F826F0E4D200B26185 /* video */ = {
			isa = PBXGroup;
			children = (
				18D1F1F926F0E4D200B26185 /* giraffe.mp4 */,
				18D1F1FA26F0E4D200B26185 /* ostrich.mp4 */,
				18D1F1FB26F0E4D200B26185 /* zebra.mp4 */,
				18D1F1FC26F0E4D200B26185 /* hippo.mp4 */,
				18D1F1FD26F0E4D200B26185 /* cheetah.mp4 */,
				18D1F1FE26F0E4D200B26185 /* gorilla.mp4 */,
				18D1F1FF26F0E4D200B26185 /* elephant.mp4 */,
				18D1F20026F0E4D200B26185 /* lioness.mp4 */,
				18D1F20126F0E4D200B26185 /* lion.mp4 */,
				18D1F20226F0E4D200B26185 /* rhino.mp4 */,
			);
			path = video;
			sourceTree = "<group>";
		};
		18D1F20D26F0E52100B26185 /* App */ = {
			isa = PBXGroup;
			children = (
				18D1F23726F1053900B26185 /* MainView.swift */,
				18D1F1EA26F0BF5100B26185 /* ContentView.swift */,
				18D1F1E826F0BF5100B26185 /* AfricaApp.swift */,
			);
			path = App;
			sourceTree = "<group>";
		};
		18D1F20E26F0E52700B26185 /* View */ = {
			isa = PBXGroup;
			children = (
				18D1F21B26F0E85500B26185 /* CoverImageView.swift */,
				18D1F22226F0F24000B26185 /* AnimalListItemView.swift */,
				18D1F22426F0F5EA00B26185 /* AnimalDetailView.swift */,
				18D1F22726F0F81E00B26185 /* HeadingView.swift */,
				18D1F22926F0F91600B26185 /* InsetGalleryView.swift */,
				18D1F22B26F0FDD700B26185 /* InsetFactView.swift */,
				18D1F22D26F0FFDB00B26185 /* InsetMapView.swift */,
				18D1F22F26F1017800B26185 /* MapView.swift */,
				18D1F23126F102DE00B26185 /* ExternalWeblinkView.swift */,
				18D1F23326F104FF00B26185 /* VideoListView.swift */,
				18D1F23526F1050E00B26185 /* GalleryView.swift */,
				18D1F23926F10A3300B26185 /* VideoListItemView.swift */,
				18D1F23D26F1129000B26185 /* VideoPlayerView.swift */,
				183C5B2C26F1E77600B25005 /* MapAnnotationView.swift */,
			);
			path = View;
			sourceTree = "<group>";
		};
		18D1F20F26F0E66600B26185 /* Data */ = {
			isa = PBXGroup;
			children = (
				18D1F21026F0E67D00B26185 /* animals.json */,
				18D1F21226F0E67D00B26185 /* covers.json */,
				18D1F21126F0E67D00B26185 /* locations.json */,
				18D1F21326F0E67D00B26185 /* videos.json */,
			);
			path = Data;
			sourceTree = "<group>";
		};
		18D1F21826F0E69000B26185 /* Extensions */ = {
			isa = PBXGroup;
			children = (
				18D1F21926F0E6A000B26185 /* Bundle.swift */,
			);
			path = Extensions;
			sourceTree = "<group>";
		};
		18D1F21D26F0E94000B26185 /* Model */ = {
			isa = PBXGroup;
			children = (
				18D1F21E26F0E94D00B26185 /* CoverImage.swift */,
				18D1F22026F0F17200B26185 /* Animal.swift */,
				18D1F23B26F10A7800B26185 /* Video.swift */,
				183C5B2A26F1E52500B25005 /* NationalParkLocation.swift */,
			);
			path = Model;
			sourceTree = "<group>";
		};
/* End PBXGroup section */

/* Begin PBXNativeTarget section */
		18D1F1E426F0BF5100B26185 /* Africa */ = {
			isa = PBXNativeTarget;
			buildConfigurationList = 18D1F1F426F0BF5400B26185 /* Build configuration list for PBXNativeTarget "Africa" */;
			buildPhases = (
				18D1F1E126F0BF5100B26185 /* Sources */,
				18D1F1E226F0BF5100B26185 /* Frameworks */,
				18D1F1E326F0BF5100B26185 /* Resources */,
			);
			buildRules = (
			);
			dependencies = (
			);
			name = Africa;
			productName = Africa;
			productReference = 18D1F1E526F0BF5100B26185 /* Africa.app */;
			productType = "com.apple.product-type.application";
		};
/* End PBXNativeTarget section */

/* Begin PBXProject section */
		18D1F1DD26F0BF5100B26185 /* Project object */ = {
			isa = PBXProject;
			attributes = {
				LastSwiftUpdateCheck = 1250;
				LastUpgradeCheck = 1250;
				TargetAttributes = {
					18D1F1E426F0BF5100B26185 = {
						CreatedOnToolsVersion = 12.5.1;
					};
				};
			};
			buildConfigurationList = 18D1F1E026F0BF5100B26185 /* Build configuration list for PBXProject "Africa" */;
			compatibilityVersion = "Xcode 9.3";
			developmentRegion = en;
			hasScannedForEncodings = 0;
			knownRegions = (
				en,
				Base,
			);
			mainGroup = 18D1F1DC26F0BF5100B26185;
			productRefGroup = 18D1F1E626F0BF5100B26185 /* Products */;
			projectDirPath = "";
			projectRoot = "";
			targets = (
				18D1F1E426F0BF5100B26185 /* Africa */,
			);
		};
/* End PBXProject section */

/* Begin PBXResourcesBuildPhase section */
		18D1F1E326F0BF5100B26185 /* Resources */ = {
			isa = PBXResourcesBuildPhase;
			buildActionMask = 2147483647;
			files = (
				18D1F21526F0E67D00B26185 /* locations.json in Resources */,
				18D1F20C26F0E4D200B26185 /* rhino.mp4 in Resources */,
				18D1F1F026F0BF5400B26185 /* Preview Assets.xcassets in Resources */,
				18D1F20526F0E4D200B26185 /* zebra.mp4 in Resources */,
				18D1F1ED26F0BF5400B26185 /* Assets.xcassets in Resources */,
				18D1F20426F0E4D200B26185 /* ostrich.mp4 in Resources */,
				18D1F20826F0E4D200B26185 /* gorilla.mp4 in Resources */,
				18D1F20626F0E4D200B26185 /* hippo.mp4 in Resources */,
				18D1F21426F0E67D00B26185 /* animals.json in Resources */,
				18D1F20326F0E4D200B26185 /* giraffe.mp4 in Resources */,
				18D1F21626F0E67D00B26185 /* covers.json in Resources */,
				18D1F20A26F0E4D200B26185 /* lioness.mp4 in Resources */,
				18D1F20B26F0E4D200B26185 /* lion.mp4 in Resources */,
				18D1F21726F0E67D00B26185 /* videos.json in Resources */,
				18D1F20726F0E4D200B26185 /* cheetah.mp4 in Resources */,
				18D1F20926F0E4D200B26185 /* elephant.mp4 in Resources */,
			);
			runOnlyForDeploymentPostprocessing = 0;
		};
/* End PBXResourcesBuildPhase section */

/* Begin PBXSourcesBuildPhase section */
		18D1F1E126F0BF5100B26185 /* Sources */ = {
			isa = PBXSourcesBuildPhase;
			buildActionMask = 2147483647;
			files = (
				183C5B2D26F1E77600B25005 /* MapAnnotationView.swift in Sources */,
				18D1F21C26F0E85500B26185 /* CoverImageView.swift in Sources */,
				18D1F22526F0F5EA00B26185 /* AnimalDetailView.swift in Sources */,
				18D1F21F26F0E94D00B26185 /* CoverImage.swift in Sources */,
				18D1F1EB26F0BF5100B26185 /* ContentView.swift in Sources */,
				183C5B2B26F1E52500B25005 /* NationalParkLocation.swift in Sources */,
				18D1F23026F1017800B26185 /* MapView.swift in Sources */,
				18D1F23A26F10A3300B26185 /* VideoListItemView.swift in Sources */,
				18D1F23426F104FF00B26185 /* VideoListView.swift in Sources */,
				18D1F22826F0F81E00B26185 /* HeadingView.swift in Sources */,
				18D1F23626F1050E00B26185 /* GalleryView.swift in Sources */,
				18D1F23226F102DE00B26185 /* ExternalWeblinkView.swift in Sources */,
				18D1F22E26F0FFDC00B26185 /* InsetMapView.swift in Sources */,
				18D1F22C26F0FDD700B26185 /* InsetFactView.swift in Sources */,
				18D1F23826F1053900B26185 /* MainView.swift in Sources */,
				18D1F21A26F0E6A000B26185 /* Bundle.swift in Sources */,
				18D1F1E926F0BF5100B26185 /* AfricaApp.swift in Sources */,
				18D1F23C26F10A7800B26185 /* Video.swift in Sources */,
				18D1F22A26F0F91600B26185 /* InsetGalleryView.swift in Sources */,
				18D1F22126F0F17200B26185 /* Animal.swift in Sources */,
				18D1F22326F0F24000B26185 /* AnimalListItemView.swift in Sources */,
				18D1F23E26F1129000B26185 /* VideoPlayerView.swift in Sources */,
			);
			runOnlyForDeploymentPostprocessing = 0;
		};
/* End PBXSourcesBuildPhase section */

/* Begin XCBuildConfiguration section */
		18D1F1F226F0BF5400B26185 /* Debug */ = {
			isa = XCBuildConfiguration;
			buildSettings = {
				ALWAYS_SEARCH_USER_PATHS = NO;
				CLANG_ANALYZER_NONNULL = YES;
				CLANG_ANALYZER_NUMBER_OBJECT_CONVERSION = YES_AGGRESSIVE;
				CLANG_CXX_LANGUAGE_STANDARD = "gnu++14";
				CLANG_CXX_LIBRARY = "libc++";
				CLANG_ENABLE_MODULES = YES;
				CLANG_ENABLE_OBJC_ARC = YES;
				CLANG_ENABLE_OBJC_WEAK = YES;
				CLANG_WARN_BLOCK_CAPTURE_AUTORELEASING = YES;
				CLANG_WARN_BOOL_CONVERSION = YES;
				CLANG_WARN_COMMA = YES;
				CLANG_WARN_CONSTANT_CONVERSION = YES;
				CLANG_WARN_DEPRECATED_OBJC_IMPLEMENTATIONS = YES;
				CLANG_WARN_DIRECT_OBJC_ISA_USAGE = YES_ERROR;
				CLANG_WARN_DOCUMENTATION_COMMENTS = YES;
				CLANG_WARN_EMPTY_BODY = YES;
				CLANG_WARN_ENUM_CONVERSION = YES;
				CLANG_WARN_INFINITE_RECURSION = YES;
				CLANG_WARN_INT_CONVERSION = YES;
				CLANG_WARN_NON_LITERAL_NULL_CONVERSION = YES;
				CLANG_WARN_OBJC_IMPLICIT_RETAIN_SELF = YES;
				CLANG_WARN_OBJC_LITERAL_CONVERSION = YES;
				CLANG_WARN_OBJC_ROOT_CLASS = YES_ERROR;
				CLANG_WARN_QUOTED_INCLUDE_IN_FRAMEWORK_HEADER = YES;
				CLANG_WARN_RANGE_LOOP_ANALYSIS = YES;
				CLANG_WARN_STRICT_PROTOTYPES = YES;
				CLANG_WARN_SUSPICIOUS_MOVE = YES;
				CLANG_WARN_UNGUARDED_AVAILABILITY = YES_AGGRESSIVE;
				CLANG_WARN_UNREACHABLE_CODE = YES;
				CLANG_WARN__DUPLICATE_METHOD_MATCH = YES;
				COPY_PHASE_STRIP = NO;
				DEBUG_INFORMATION_FORMAT = dwarf;
				ENABLE_STRICT_OBJC_MSGSEND = YES;
				ENABLE_TESTABILITY = YES;
				GCC_C_LANGUAGE_STANDARD = gnu11;
				GCC_DYNAMIC_NO_PIC = NO;
				GCC_NO_COMMON_BLOCKS = YES;
				GCC_OPTIMIZATION_LEVEL = 0;
				GCC_PREPROCESSOR_DEFINITIONS = (
					"DEBUG=1",
					"$(inherited)",
				);
				GCC_WARN_64_TO_32_BIT_CONVERSION = YES;
				GCC_WARN_ABOUT_RETURN_TYPE = YES_ERROR;
				GCC_WARN_UNDECLARED_SELECTOR = YES;
				GCC_WARN_UNINITIALIZED_AUTOS = YES_AGGRESSIVE;
				GCC_WARN_UNUSED_FUNCTION = YES;
				GCC_WARN_UNUSED_VARIABLE = YES;
				IPHONEOS_DEPLOYMENT_TARGET = 14.5;
				MTL_ENABLE_DEBUG_INFO = INCLUDE_SOURCE;
				MTL_FAST_MATH = YES;
				ONLY_ACTIVE_ARCH = YES;
				SDKROOT = iphoneos;
				SWIFT_ACTIVE_COMPILATION_CONDITIONS = DEBUG;
				SWIFT_OPTIMIZATION_LEVEL = "-Onone";
			};
			name = Debug;
		};
		18D1F1F326F0BF5400B26185 /* Release */ = {
			isa = XCBuildConfiguration;
			buildSettings = {
				ALWAYS_SEARCH_USER_PATHS = NO;
				CLANG_ANALYZER_NONNULL = YES;
				CLANG_ANALYZER_NUMBER_OBJECT_CONVERSION = YES_AGGRESSIVE;
				CLANG_CXX_LANGUAGE_STANDARD = "gnu++14";
				CLANG_CXX_LIBRARY = "libc++";
				CLANG_ENABLE_MODULES = YES;
				CLANG_ENABLE_OBJC_ARC = YES;
				CLANG_ENABLE_OBJC_WEAK = YES;
				CLANG_WARN_BLOCK_CAPTURE_AUTORELEASING = YES;
				CLANG_WARN_BOOL_CONVERSION = YES;
				CLANG_WARN_COMMA = YES;
				CLANG_WARN_CONSTANT_CONVERSION = YES;
				CLANG_WARN_DEPRECATED_OBJC_IMPLEMENTATIONS = YES;
				CLANG_WARN_DIRECT_OBJC_ISA_USAGE = YES_ERROR;
				CLANG_WARN_DOCUMENTATION_COMMENTS = YES;
				CLANG_WARN_EMPTY_BODY = YES;
				CLANG_WARN_ENUM_CONVERSION = YES;
				CLANG_WARN_INFINITE_RECURSION = YES;
				CLANG_WARN_INT_CONVERSION = YES;
				CLANG_WARN_NON_LITERAL_NULL_CONVERSION = YES;
				CLANG_WARN_OBJC_IMPLICIT_RETAIN_SELF = YES;
				CLANG_WARN_OBJC_LITERAL_CONVERSION = YES;
				CLANG_WARN_OBJC_ROOT_CLASS = YES_ERROR;
				CLANG_WARN_QUOTED_INCLUDE_IN_FRAMEWORK_HEADER = YES;
				CLANG_WARN_RANGE_LOOP_ANALYSIS = YES;
				CLANG_WARN_STRICT_PROTOTYPES = YES;
				CLANG_WARN_SUSPICIOUS_MOVE = YES;
				CLANG_WARN_UNGUARDED_AVAILABILITY = YES_AGGRESSIVE;
				CLANG_WARN_UNREACHABLE_CODE = YES;
				CLANG_WARN__DUPLICATE_METHOD_MATCH = YES;
				COPY_PHASE_STRIP = NO;
				DEBUG_INFORMATION_FORMAT = "dwarf-with-dsym";
				ENABLE_NS_ASSERTIONS = NO;
				ENABLE_STRICT_OBJC_MSGSEND = YES;
				GCC_C_LANGUAGE_STANDARD = gnu11;
				GCC_NO_COMMON_BLOCKS = YES;
				GCC_WARN_64_TO_32_BIT_CONVERSION = YES;
				GCC_WARN_ABOUT_RETURN_TYPE = YES_ERROR;
				GCC_WARN_UNDECLARED_SELECTOR = YES;
				GCC_WARN_UNINITIALIZED_AUTOS = YES_AGGRESSIVE;
				GCC_WARN_UNUSED_FUNCTION = YES;
				GCC_WARN_UNUSED_VARIABLE = YES;
				IPHONEOS_DEPLOYMENT_TARGET = 14.5;
				MTL_ENABLE_DEBUG_INFO = NO;
				MTL_FAST_MATH = YES;
				SDKROOT = iphoneos;
				SWIFT_COMPILATION_MODE = wholemodule;
				SWIFT_OPTIMIZATION_LEVEL = "-O";
				VALIDATE_PRODUCT = YES;
			};
			name = Release;
		};
		18D1F1F526F0BF5400B26185 /* Debug */ = {
			isa = XCBuildConfiguration;
			buildSettings = {
				ASSETCATALOG_COMPILER_APPICON_NAME = AppIcon;
				ASSETCATALOG_COMPILER_GLOBAL_ACCENT_COLOR_NAME = AccentColor;
				CODE_SIGN_STYLE = Automatic;
				DEVELOPMENT_ASSET_PATHS = "\"Africa/Preview Content\"";
				DEVELOPMENT_TEAM = QM2ZXR6S6G;
				ENABLE_PREVIEWS = YES;
				INFOPLIST_FILE = Africa/Resources/Info.plist;
				IPHONEOS_DEPLOYMENT_TARGET = 14.0;
				LD_RUNPATH_SEARCH_PATHS = (
					"$(inherited)",
					"@executable_path/Frameworks",
				);
				PRODUCT_BUNDLE_IDENTIFIER = com.swiftuitraining.africa.Africa;
				PRODUCT_NAME = "$(TARGET_NAME)";
				SWIFT_VERSION = 5.0;
				TARGETED_DEVICE_FAMILY = "1,2";
			};
			name = Debug;
		};
		18D1F1F626F0BF5400B26185 /* Release */ = {
			isa = XCBuildConfiguration;
			buildSettings = {
				ASSETCATALOG_COMPILER_APPICON_NAME = AppIcon;
				ASSETCATALOG_COMPILER_GLOBAL_ACCENT_COLOR_NAME = AccentColor;
				CODE_SIGN_STYLE = Automatic;
				DEVELOPMENT_ASSET_PATHS = "\"Africa/Preview Content\"";
				DEVELOPMENT_TEAM = QM2ZXR6S6G;
				ENABLE_PREVIEWS = YES;
				INFOPLIST_FILE = Africa/Resources/Info.plist;
				IPHONEOS_DEPLOYMENT_TARGET = 14.0;
				LD_RUNPATH_SEARCH_PATHS = (
					"$(inherited)",
					"@executable_path/Frameworks",
				);
				PRODUCT_BUNDLE_IDENTIFIER = com.swiftuitraining.africa.Africa;
				PRODUCT_NAME = "$(TARGET_NAME)";
				SWIFT_VERSION = 5.0;
				TARGETED_DEVICE_FAMILY = "1,2";
			};
			name = Release;
		};
/* End XCBuildConfiguration section */

/* Begin XCConfigurationList section */
		18D1F1E026F0BF5100B26185 /* Build configuration list for PBXProject "Africa" */ = {
			isa = XCConfigurationList;
			buildConfigurations = (
				18D1F1F226F0BF5400B26185 /* Debug */,
				18D1F1F326F0BF5400B26185 /* Release */,
			);
			defaultConfigurationIsVisible = 0;
			defaultConfigurationName = Release;
		};
		18D1F1F426F0BF5400B26185 /* Build configuration list for PBXNativeTarget "Africa" */ = {
			isa = XCConfigurationList;
			buildConfigurations = (
				18D1F1F526F0BF5400B26185 /* Debug */,
				18D1F1F626F0BF5400B26185 /* Release */,
			);
			defaultConfigurationIsVisible = 0;
			defaultConfigurationName = Release;
		};
/* End XCConfigurationList section */
	};
	rootObject = 18D1F1DD26F0BF5100B26185 /* Project object */;
}
